
Microsoft Visual Studio Solution File, Format Version 12.00
# Visual Studio Version 16
VisualStudioVersion = 16.0.31321.278
MinimumVisualStudioVersion = 10.0.40219.1
Project("{FAE04EC0-301F-11D3-BF4B-00C04F79EFBC}") = "ConsoleApp", "ConsoleApp\ConsoleApp.csproj", "{DEAF4D74-8FD8-4AE9-A437-D8717E5F7F9C}"
EndProject
Project("{FAE04EC0-301F-11D3-BF4B-00C04F79EFBC}") = "Servicios", "Servicios\Servicios.csproj", "{523CED8C-896C-452A-87F0-FEB9EE3065BC}"
EndProject
Global
	GlobalSection(SolutionConfigurationPlatforms) = preSolution
		Debug|Any CPU = Debug|Any CPU
		Release|Any CPU = Release|Any CPU
	EndGlobalSection
	GlobalSection(ProjectConfigurationPlatforms) = postSolution
		{DEAF4D74-8FD8-4AE9-A437-D8717E5F7F9C}.Debug|Any CPU.ActiveCfg = Debug|Any CPU
		{DEAF4D74-8FD8-4AE9-A437-D8717E5F7F9C}.Debug|Any CPU.Build.0 = Debug|Any CPU
		{DEAF4D74-8FD8-4AE9-A437-D8717E5F7F9C}.Release|Any CPU.ActiveCfg = Release|Any CPU
		{DEAF4D74-8FD8-4AE9-A437-D8717E5F7F9C}.Release|Any CPU.Build.0 = Release|Any CPU
		{523CED8C-896C-452A-87F0-FEB9EE3065BC}.Debug|Any CPU.ActiveCfg = Debug|Any CPU
		{523CED8C-896C-452A-87F0-FEB9EE3065BC}.Debug|Any CPU.Build.0 = Debug|Any CPU
		{523CED8C-896C-452A-87F0-FEB9EE3065BC}.Release|Any CPU.ActiveCfg = Release|Any CPU
		{523CED8C-896C-452A-87F0-FEB9EE3065BC}.Release|Any CPU.Build.0 = Release|Any CPU
	EndGlobalSection
	GlobalSection(SolutionProperties) = preSolution
		HideSolutionNode = FALSE
	EndGlobalSection
	GlobalSection(ExtensibilityGlobals) = postSolution
		SolutionGuid = {314428EF-D5C1-43A6-B4A3-818905010403}
	EndGlobalSection
EndGlobal
